
Microsoft Visual Studio Solution File, Format Version 12.00
# Visual Studio Version 17
VisualStudioVersion = 17.11.35312.102
MinimumVisualStudioVersion = 10.0.40219.1
Project("{9A19103F-16F7-4668-BE54-9A1E7A4F7556}") = "InsurancePolicies.Api", "InsurancePolicies.Api.csproj", "{2419C023-1A67-4F65-9D5C-AFD7537E832F}"
EndProject
Project("{2150E333-8FDC-42A3-9474-1A3956D46DE8}") = "InsurancePolicies", "InsurancePolicies", "{62C587E4-CFC7-4BE2-B34E-3A52D163F606}"
EndProject
Project("{9A19103F-16F7-4668-BE54-9A1E7A4F7556}") = "InsurancePolicies.Infrastructure", "..\InsurancePolicies.Infrastructure\InsurancePolicies.Infrastructure.csproj", "{FDC1C130-68E7-4F16-AE00-6EAEBCB30C10}"
EndProject
Project("{9A19103F-16F7-4668-BE54-9A1E7A4F7556}") = "InsurancePolicies.Domain", "..\InsurancePolicies.Domain\InsurancePolicies.Domain.csproj", "{A9E5E0DF-90EC-43B9-AD83-8565F416CD27}"
EndProject
Project("{9A19103F-16F7-4668-BE54-9A1E7A4F7556}") = "InsurancePolicies.Application", "..\InsurancePolicies.Application\InsurancePolicies.Application.csproj", "{DE0057EC-6FAA-4050-BA27-419B094B0604}"
EndProject
Global
	GlobalSection(SolutionConfigurationPlatforms) = preSolution
		Debug|Any CPU = Debug|Any CPU
		Release|Any CPU = Release|Any CPU
	EndGlobalSection
	GlobalSection(ProjectConfigurationPlatforms) = postSolution
		{2419C023-1A67-4F65-9D5C-AFD7537E832F}.Debug|Any CPU.ActiveCfg = Debug|Any CPU
		{2419C023-1A67-4F65-9D5C-AFD7537E832F}.Debug|Any CPU.Build.0 = Debug|Any CPU
		{2419C023-1A67-4F65-9D5C-AFD7537E832F}.Release|Any CPU.ActiveCfg = Release|Any CPU
		{2419C023-1A67-4F65-9D5C-AFD7537E832F}.Release|Any CPU.Build.0 = Release|Any CPU
		{FDC1C130-68E7-4F16-AE00-6EAEBCB30C10}.Debug|Any CPU.ActiveCfg = Debug|Any CPU
		{FDC1C130-68E7-4F16-AE00-6EAEBCB30C10}.Debug|Any CPU.Build.0 = Debug|Any CPU
		{FDC1C130-68E7-4F16-AE00-6EAEBCB30C10}.Release|Any CPU.ActiveCfg = Release|Any CPU
		{FDC1C130-68E7-4F16-AE00-6EAEBCB30C10}.Release|Any CPU.Build.0 = Release|Any CPU
		{A9E5E0DF-90EC-43B9-AD83-8565F416CD27}.Debug|Any CPU.ActiveCfg = Debug|Any CPU
		{A9E5E0DF-90EC-43B9-AD83-8565F416CD27}.Debug|Any CPU.Build.0 = Debug|Any CPU
		{A9E5E0DF-90EC-43B9-AD83-8565F416CD27}.Release|Any CPU.ActiveCfg = Release|Any CPU
		{A9E5E0DF-90EC-43B9-AD83-8565F416CD27}.Release|Any CPU.Build.0 = Release|Any CPU
		{DE0057EC-6FAA-4050-BA27-419B094B0604}.Debug|Any CPU.ActiveCfg = Debug|Any CPU
		{DE0057EC-6FAA-4050-BA27-419B094B0604}.Debug|Any CPU.Build.0 = Debug|Any CPU
		{DE0057EC-6FAA-4050-BA27-419B094B0604}.Release|Any CPU.ActiveCfg = Release|Any CPU
		{DE0057EC-6FAA-4050-BA27-419B094B0604}.Release|Any CPU.Build.0 = Release|Any CPU
	EndGlobalSection
	GlobalSection(SolutionProperties) = preSolution
		HideSolutionNode = FALSE
	EndGlobalSection
	GlobalSection(NestedProjects) = preSolution
		{2419C023-1A67-4F65-9D5C-AFD7537E832F} = {62C587E4-CFC7-4BE2-B34E-3A52D163F606}
		{FDC1C130-68E7-4F16-AE00-6EAEBCB30C10} = {62C587E4-CFC7-4BE2-B34E-3A52D163F606}
		{A9E5E0DF-90EC-43B9-AD83-8565F416CD27} = {62C587E4-CFC7-4BE2-B34E-3A52D163F606}
		{DE0057EC-6FAA-4050-BA27-419B094B0604} = {62C587E4-CFC7-4BE2-B34E-3A52D163F606}
	EndGlobalSection
	GlobalSection(ExtensibilityGlobals) = postSolution
		SolutionGuid = {ACE1F8F6-A892-4B9E-B63E-693BEA1FE2FD}
	EndGlobalSection
EndGlobal
